
Microsoft Visual Studio Solution File, Format Version 12.00
# Visual Studio Version 17
VisualStudioVersion = 17.14.36121.58 d17.14
MinimumVisualStudioVersion = 10.0.40219.1
Project("{FAE04EC0-301F-11D3-BF4B-00C04F79EFBC}") = "GameController", "GameController\GameController.csproj", "{DC37F350-73ED-49AD-A8D3-8E70A5B1FE46}"
EndProject
Global
	GlobalSection(SolutionConfigurationPlatforms) = preSolution
		Debug|Any CPU = Debug|Any CPU
		Release|Any CPU = Release|Any CPU
	EndGlobalSection
	GlobalSection(ProjectConfigurationPlatforms) = postSolution
		{DC37F350-73ED-49AD-A8D3-8E70A5B1FE46}.Debug|Any CPU.ActiveCfg = Debug|Any CPU
		{DC37F350-73ED-49AD-A8D3-8E70A5B1FE46}.Debug|Any CPU.Build.0 = Debug|Any CPU
		{DC37F350-73ED-49AD-A8D3-8E70A5B1FE46}.Release|Any CPU.ActiveCfg = Release|Any CPU
		{DC37F350-73ED-49AD-A8D3-8E70A5B1FE46}.Release|Any CPU.Build.0 = Release|Any CPU
	EndGlobalSection
	GlobalSection(SolutionProperties) = preSolution
		HideSolutionNode = FALSE
	EndGlobalSection
	GlobalSection(ExtensibilityGlobals) = postSolution
		SolutionGuid = {4681699F-E211-47D7-8E84-F7FCD221B6BB}
	EndGlobalSection
EndGlobal
